
Microsoft Visual Studio Solution File, Format Version 12.00
# Visual Studio 15
VisualStudioVersion = 15.0.26206.0
MinimumVisualStudioVersion = 10.0.40219.1
Project("{FAE04EC0-301F-11D3-BF4B-00C04F79EFBC}") = "PresentationLayer", "PresentationLayer\PresentationLayer.csproj", "{6C5DEE4D-0DB0-41EB-A2E8-AC2B5D1C810E}"
EndProject
Project("{FAE04EC0-301F-11D3-BF4B-00C04F79EFBC}") = "BusinessLogicLayer", "BusinessLogicLayer\BusinessLogicLayer.csproj", "{39FA489E-9182-4A0E-B146-A157526F194B}"
EndProject
Project("{FAE04EC0-301F-11D3-BF4B-00C04F79EFBC}") = "DataAccessLayer", "DataAccessLayer\DataAccessLayer.csproj", "{1D47C647-536F-43F7-9ADE-5B10C82621EF}"
EndProject
Global
	GlobalSection(SolutionConfigurationPlatforms) = preSolution
		Debug|Any CPU = Debug|Any CPU
		Release|Any CPU = Release|Any CPU
	EndGlobalSection
	GlobalSection(ProjectConfigurationPlatforms) = postSolution
		{6C5DEE4D-0DB0-41EB-A2E8-AC2B5D1C810E}.Debug|Any CPU.ActiveCfg = Debug|Any CPU
		{6C5DEE4D-0DB0-41EB-A2E8-AC2B5D1C810E}.Debug|Any CPU.Build.0 = Debug|Any CPU
		{6C5DEE4D-0DB0-41EB-A2E8-AC2B5D1C810E}.Release|Any CPU.ActiveCfg = Release|Any CPU
		{6C5DEE4D-0DB0-41EB-A2E8-AC2B5D1C810E}.Release|Any CPU.Build.0 = Release|Any CPU
		{39FA489E-9182-4A0E-B146-A157526F194B}.Debug|Any CPU.ActiveCfg = Debug|Any CPU
		{39FA489E-9182-4A0E-B146-A157526F194B}.Debug|Any CPU.Build.0 = Debug|Any CPU
		{39FA489E-9182-4A0E-B146-A157526F194B}.Release|Any CPU.ActiveCfg = Release|Any CPU
		{39FA489E-9182-4A0E-B146-A157526F194B}.Release|Any CPU.Build.0 = Release|Any CPU
		{1D47C647-536F-43F7-9ADE-5B10C82621EF}.Debug|Any CPU.ActiveCfg = Debug|Any CPU
		{1D47C647-536F-43F7-9ADE-5B10C82621EF}.Debug|Any CPU.Build.0 = Debug|Any CPU
		{1D47C647-536F-43F7-9ADE-5B10C82621EF}.Release|Any CPU.ActiveCfg = Release|Any CPU
		{1D47C647-536F-43F7-9ADE-5B10C82621EF}.Release|Any CPU.Build.0 = Release|Any CPU
	EndGlobalSection
	GlobalSection(SolutionProperties) = preSolution
		HideSolutionNode = FALSE
	EndGlobalSection
EndGlobal
