
Microsoft Visual Studio Solution File, Format Version 12.00
# Visual Studio 15
VisualStudioVersion = 15.0.26403.0
MinimumVisualStudioVersion = 10.0.40219.1
Project("{FAE04EC0-301F-11D3-BF4B-00C04F79EFBC}") = "PresentationLayer", "PresentationLayer\PresentationLayer.csproj", "{6C5DEE4D-0DB0-41EB-A2E8-AC2B5D1C810E}"
EndProject
Project("{FAE04EC0-301F-11D3-BF4B-00C04F79EFBC}") = "BusinessLogicLayer", "BusinessLogicLayer\BusinessLogicLayer.csproj", "{2ED5853F-485E-4A3A-AE3E-7399F8824887}"
EndProject
Project("{FAE04EC0-301F-11D3-BF4B-00C04F79EFBC}") = "DataAccessLayer", "DataAccessLayer\DataAccessLayer.csproj", "{2AF0250A-7427-406F-A6C3-CB512209B53A}"
EndProject
Global
	GlobalSection(SolutionConfigurationPlatforms) = preSolution
		Debug|Any CPU = Debug|Any CPU
		Release|Any CPU = Release|Any CPU
	EndGlobalSection
	GlobalSection(ProjectConfigurationPlatforms) = postSolution
		{6C5DEE4D-0DB0-41EB-A2E8-AC2B5D1C810E}.Debug|Any CPU.ActiveCfg = Debug|Any CPU
		{6C5DEE4D-0DB0-41EB-A2E8-AC2B5D1C810E}.Debug|Any CPU.Build.0 = Debug|Any CPU
		{6C5DEE4D-0DB0-41EB-A2E8-AC2B5D1C810E}.Release|Any CPU.ActiveCfg = Release|Any CPU
		{6C5DEE4D-0DB0-41EB-A2E8-AC2B5D1C810E}.Release|Any CPU.Build.0 = Release|Any CPU
		{2ED5853F-485E-4A3A-AE3E-7399F8824887}.Debug|Any CPU.ActiveCfg = Debug|Any CPU
		{2ED5853F-485E-4A3A-AE3E-7399F8824887}.Debug|Any CPU.Build.0 = Debug|Any CPU
		{2ED5853F-485E-4A3A-AE3E-7399F8824887}.Release|Any CPU.ActiveCfg = Release|Any CPU
		{2ED5853F-485E-4A3A-AE3E-7399F8824887}.Release|Any CPU.Build.0 = Release|Any CPU
		{2AF0250A-7427-406F-A6C3-CB512209B53A}.Debug|Any CPU.ActiveCfg = Debug|Any CPU
		{2AF0250A-7427-406F-A6C3-CB512209B53A}.Debug|Any CPU.Build.0 = Debug|Any CPU
		{2AF0250A-7427-406F-A6C3-CB512209B53A}.Release|Any CPU.ActiveCfg = Release|Any CPU
		{2AF0250A-7427-406F-A6C3-CB512209B53A}.Release|Any CPU.Build.0 = Release|Any CPU
	EndGlobalSection
	GlobalSection(SolutionProperties) = preSolution
		HideSolutionNode = FALSE
	EndGlobalSection
EndGlobal
